
Microsoft Visual Studio Solution File, Format Version 12.00
# Visual Studio Version 17
VisualStudioVersion = 17.12.35506.116
MinimumVisualStudioVersion = 10.0.40219.1
Project("{D2ABAB84-BF74-430A-B69E-9DC6D40DDA17}") = "MultidimensionalProject3", "MultidimensionalProject3\MultidimensionalProject3.dwproj", "{9E56D007-DBC8-4F1B-ADC1-20A753D6D098}"
EndProject
Global
	GlobalSection(SolutionConfigurationPlatforms) = preSolution
		Development|Default = Development|Default
	EndGlobalSection
	GlobalSection(ProjectConfigurationPlatforms) = postSolution
		{9E56D007-DBC8-4F1B-ADC1-20A753D6D098}.Development|Default.ActiveCfg = Development
		{9E56D007-DBC8-4F1B-ADC1-20A753D6D098}.Development|Default.Build.0 = Development
		{9E56D007-DBC8-4F1B-ADC1-20A753D6D098}.Development|Default.Deploy.0 = Development
	EndGlobalSection
	GlobalSection(SolutionProperties) = preSolution
		HideSolutionNode = FALSE
	EndGlobalSection
EndGlobal
